github.com/FourWD/middleware v1.2.9 h1:3BoWbrm94jBCinV8UaouX+HYGGWSYeXbYLNam/xBUGU=
github.com/FourWD/middleware v1.2.9/go.mod h1:P7OBVlLL/8/HmzZURi3AU0KiA5F27iBREgTbJI/zQ+k=
github.com/FourWD/middleware v1.2.10 h1:jRhLJT4bzo8pp5b1DNc+v9k6efVia1cvCR8OHTHtVwg=
github.com/FourWD/middleware v1.2.10/go.mod h1:P7OBVlLL/8/HmzZURi3AU0KiA5F27iBREgTbJI/zQ+k=
github.com/FourWD/middleware v1.2.11 h1:dJpjHFZ+x4Dwr6VVqqnmOGhdcser2ppTuma7TpYeGBE=
github.com/FourWD/middleware v1.2.11/go.mod h1:P7OBVlLL/8/HmzZURi3AU0KiA5F27iBREgTbJI/zQ+k=
github.com/FourWD/middleware v1.2.12 h1:IOXpXpGGWCg4WI/59ZKHXu1O7yQ465JbLC2Ek1H/eSs=
github.com/FourWD/middleware v1.2.12/go.mod h1:P7OBVlLL/8/HmzZURi3AU0KiA5F27iBREgTbJI/zQ+k=
github.com/FourWD/middleware v1.5.121 h1:0WASSjueVSaIcdmdgASzzUUtty3T8IWaQFc0LdFGov0=
github.com/FourWD/middleware v1.5.121/go.mod h1:oGnM51tKjfm2cvV/tg7Q7kSpA3JD6SSarmjcHOwVis4=
github.com/FourWD/middleware v1.5.122 h1:bKCSgQU7ebGHnxWy/qw647i9iD3BUEMFD1RJuOv7yaQ=
github.com/FourWD/middleware v1.5.122/go.mod h1:oGnM51tKjfm2cvV/tg7Q7kSpA3JD6SSarmjcHOwVis4=
github.com/FourWD/middleware v1.5.126 h1:MOz69Mc9lxVilUUAioE30XgTjg0DQUuyPnGTfbtoHBs=
github.com/FourWD/middleware v1.5.126/go.mod h1:oGnM51tKjfm2cvV/tg7Q7kSpA3JD6SSarmjcHOwVis4=
github.com/FourWD/middleware v1.5.134 h1:Cd5XowUFX+UDdk3l8e9LUwQlifVJ50tekDQSk5ZwIMY=
github.com/FourWD/middleware v1.5.134/go.mod h1:oGnM51tKjfm2cvV/tg7Q7kSpA3JD6SSarmjcHOwVis4=
github.com/FourWD/middleware v1.5.137 h1:WlA8hE3QWpKt3W0PkzggbgUxu+vhoDVMjuvtR8FCX2k=
github.com/FourWD/middleware v1.5.137/go.mod h1:D7Gth/Y9yCQyynSoXcIJVEuetnrKRFaYR/Twvy3NBmU=
github.com/FourWD/middleware v1.5.155 h1:C42PqQUC8qluas4f+P5cHbPsnnRk7QVckeXObFEIWR8=
github.com/FourWD/middleware v1.5.155/go.mod h1:1tjpL2L2S7TRg54/VfTFZnwknJp9Lb9W0rlJUHD2+ds=
github.com/FourWD/middleware v1.5.157 h1:zY6k7mx+Y6Nv0NfnXX8cuJIMWxR2yTLHUaRFzYNyqeA=
github.com/FourWD/middleware v1.5.157/go.mod h1:1tjpL2L2S7TRg54/VfTFZnwknJp9Lb9W0rlJUHD2+ds=
github.com/jinzhu/inflection v1.0.0 h1:K317FqzuhWc8YvSVlFMCCUb36O/S9MCKRDI7QkRKD/E=
github.com/jinzhu/inflection v1.0.0/go.mod h1:h+uFLlag+Qp1Va5pdKtLDYj+kHp5pxUVkryuEj+Srlc=
github.com/jinzhu/now v1.1.4/go.mod h1:d3SSVoowX0Lcu0IBviAWJpolVfI5UJVZZ7cO71lE/z8=
github.com/jinzhu/now v1.1.5 h1:/o9tlHleP7gOFmsnYNz3RGnqzefHA47wQpKrrdTIwXQ=
github.com/jinzhu/now v1.1.5/go.mod h1:d3SSVoowX0Lcu0IBviAWJpolVfI5UJVZZ7cO71lE/z8=
gorm.io/gorm v1.23.8 h1:h8sGJ+biDgBA1AD1Ha9gFCx7h8npU7AsLdlkX0n2TpE=
gorm.io/gorm v1.23.8/go.mod h1:l2lP/RyAtc1ynaTjFksBde/O8v9oOGIApu2/xRitmZk=
